
Microsoft Visual Studio Solution File, Format Version 12.00
# Visual Studio 15
VisualStudioVersion = 15.0.26430.13
MinimumVisualStudioVersion = 10.0.40219.1
Project("{FAE04EC0-301F-11D3-BF4B-00C04F79EFBC}") = "Xia.Common", "Xia.Common\Xia.Common.csproj", "{F31F8B62-A8B2-4D83-B8E1-FC705D9F5A88}"
EndProject
Project("{FAE04EC0-301F-11D3-BF4B-00C04F79EFBC}") = "Shop.Common", "Shop.Common\Shop.Common.csproj", "{890EAC5D-4AFC-4AD5-B8AE-246E73D111AD}"
EndProject
Project("{FAE04EC0-301F-11D3-BF4B-00C04F79EFBC}") = "Shop.MessageNameServer", "Shop.MessageNameServer\Shop.MessageNameServer.csproj", "{A1A99908-72B8-4EA2-B111-F92A9ED7DDF3}"
EndProject
Project("{FAE04EC0-301F-11D3-BF4B-00C04F79EFBC}") = "Shop.MessageBroker", "Shop.MessageBroker\Shop.MessageBroker.csproj", "{405AAD1A-46C8-48AE-8C68-167959D9A843}"
EndProject
Project("{2150E333-8FDC-42A3-9474-1A3956D46DE8}") = "Shop", "Shop", "{4693FD8D-D6BB-405A-A09F-1C063528A9D5}"
EndProject
Project("{2150E333-8FDC-42A3-9474-1A3956D46DE8}") = "WebSites", "WebSites", "{110F146E-AF4B-4B46-B806-04CC57E65641}"
EndProject
Project("{2150E333-8FDC-42A3-9474-1A3956D46DE8}") = "Scripts", "Scripts", "{FC7FD2F8-AD58-4C33-B273-1371113DCF22}"
	ProjectSection(SolutionItems) = preProject
		CreateENodeTables.sql = CreateENodeTables.sql
		CreateShopTables.sql = CreateShopTables.sql
	EndProjectSection
EndProject
Project("{FAE04EC0-301F-11D3-BF4B-00C04F79EFBC}") = "Shop.Domain", "ShopBC\Shop.Domain\Shop.Domain.csproj", "{FFC5A42C-AE1C-453A-AB4B-DFB5916FD5FF}"
EndProject
Project("{FAE04EC0-301F-11D3-BF4B-00C04F79EFBC}") = "Shop.CommandHandlers", "ShopBC\Shop.CommandHandlers\Shop.CommandHandlers.csproj", "{41892512-A536-476A-9730-4360CE7802C2}"
EndProject
Project("{FAE04EC0-301F-11D3-BF4B-00C04F79EFBC}") = "Shop.Commands", "ShopBC\Shop.Commands\Shop.Commands.csproj", "{D96CF52C-0504-45C5-98E3-E1F7C4F864E8}"
EndProject
Project("{FAE04EC0-301F-11D3-BF4B-00C04F79EFBC}") = "Shop.Messages", "ShopBC\Shop.Messages\Shop.Messages.csproj", "{D05C6142-D625-4844-9C49-AE437BEC4DA9}"
EndProject
Project("{FAE04EC0-301F-11D3-BF4B-00C04F79EFBC}") = "Shop.ProcessorHost", "ShopBC\Shop.ProcessorHost\Shop.ProcessorHost.csproj", "{699E65DE-CF19-42D6-86B7-A864048A37CB}"
EndProject
Project("{FAE04EC0-301F-11D3-BF4B-00C04F79EFBC}") = "Shop.ReadModel", "ShopBC\Shop.ReadModel\Shop.ReadModel.csproj", "{36C0AC34-A4C5-494F-939F-BAAEB930E447}"
EndProject
Project("{FAE04EC0-301F-11D3-BF4B-00C04F79EFBC}") = "Shop.Repositories.Dapper", "ShopBC\Shop.Repositories.Dapper\Shop.Repositories.Dapper.csproj", "{1DF98384-09E0-4357-9B64-87022341EA1E}"
EndProject
Project("{FAE04EC0-301F-11D3-BF4B-00C04F79EFBC}") = "Shop.ProcessManagers", "ShopBC\Shop.ProcessManagers\Shop.ProcessManagers.csproj", "{E74594A4-2CC9-4DC3-A894-69E8BC357A5F}"
EndProject
Project("{FAE04EC0-301F-11D3-BF4B-00C04F79EFBC}") = "Shop.Api", "WebSites\Shop.Api\Shop.Api.csproj", "{0DB4CDB5-79DC-4A0E-BC04-DC75A3979B22}"
EndProject
Project("{FAE04EC0-301F-11D3-BF4B-00C04F79EFBC}") = "Shop.TimerTask", "TimerTask\Shop.TimerTask.csproj", "{85E2CAED-0FB4-47BB-BC82-A56F7816671F}"
EndProject
Project("{FAE04EC0-301F-11D3-BF4B-00C04F79EFBC}") = "Shop.App", "WebSites\Shop.App\Shop.App.csproj", "{1C6EF4F3-3C93-4FA7-8DB1-1204D928CF28}"
EndProject
Global
	GlobalSection(SolutionConfigurationPlatforms) = preSolution
		Debug|Any CPU = Debug|Any CPU
		Release|Any CPU = Release|Any CPU
	EndGlobalSection
	GlobalSection(ProjectConfigurationPlatforms) = postSolution
		{F31F8B62-A8B2-4D83-B8E1-FC705D9F5A88}.Debug|Any CPU.ActiveCfg = Debug|Any CPU
		{F31F8B62-A8B2-4D83-B8E1-FC705D9F5A88}.Debug|Any CPU.Build.0 = Debug|Any CPU
		{F31F8B62-A8B2-4D83-B8E1-FC705D9F5A88}.Release|Any CPU.ActiveCfg = Release|Any CPU
		{F31F8B62-A8B2-4D83-B8E1-FC705D9F5A88}.Release|Any CPU.Build.0 = Release|Any CPU
		{890EAC5D-4AFC-4AD5-B8AE-246E73D111AD}.Debug|Any CPU.ActiveCfg = Debug|Any CPU
		{890EAC5D-4AFC-4AD5-B8AE-246E73D111AD}.Debug|Any CPU.Build.0 = Debug|Any CPU
		{890EAC5D-4AFC-4AD5-B8AE-246E73D111AD}.Release|Any CPU.ActiveCfg = Release|Any CPU
		{890EAC5D-4AFC-4AD5-B8AE-246E73D111AD}.Release|Any CPU.Build.0 = Release|Any CPU
		{A1A99908-72B8-4EA2-B111-F92A9ED7DDF3}.Debug|Any CPU.ActiveCfg = Debug|Any CPU
		{A1A99908-72B8-4EA2-B111-F92A9ED7DDF3}.Debug|Any CPU.Build.0 = Debug|Any CPU
		{A1A99908-72B8-4EA2-B111-F92A9ED7DDF3}.Release|Any CPU.ActiveCfg = Release|Any CPU
		{A1A99908-72B8-4EA2-B111-F92A9ED7DDF3}.Release|Any CPU.Build.0 = Release|Any CPU
		{405AAD1A-46C8-48AE-8C68-167959D9A843}.Debug|Any CPU.ActiveCfg = Debug|Any CPU
		{405AAD1A-46C8-48AE-8C68-167959D9A843}.Debug|Any CPU.Build.0 = Debug|Any CPU
		{405AAD1A-46C8-48AE-8C68-167959D9A843}.Release|Any CPU.ActiveCfg = Release|Any CPU
		{405AAD1A-46C8-48AE-8C68-167959D9A843}.Release|Any CPU.Build.0 = Release|Any CPU
		{FFC5A42C-AE1C-453A-AB4B-DFB5916FD5FF}.Debug|Any CPU.ActiveCfg = Debug|Any CPU
		{FFC5A42C-AE1C-453A-AB4B-DFB5916FD5FF}.Debug|Any CPU.Build.0 = Debug|Any CPU
		{FFC5A42C-AE1C-453A-AB4B-DFB5916FD5FF}.Release|Any CPU.ActiveCfg = Release|Any CPU
		{FFC5A42C-AE1C-453A-AB4B-DFB5916FD5FF}.Release|Any CPU.Build.0 = Release|Any CPU
		{41892512-A536-476A-9730-4360CE7802C2}.Debug|Any CPU.ActiveCfg = Debug|Any CPU
		{41892512-A536-476A-9730-4360CE7802C2}.Debug|Any CPU.Build.0 = Debug|Any CPU
		{41892512-A536-476A-9730-4360CE7802C2}.Release|Any CPU.ActiveCfg = Release|Any CPU
		{41892512-A536-476A-9730-4360CE7802C2}.Release|Any CPU.Build.0 = Release|Any CPU
		{D96CF52C-0504-45C5-98E3-E1F7C4F864E8}.Debug|Any CPU.ActiveCfg = Debug|Any CPU
		{D96CF52C-0504-45C5-98E3-E1F7C4F864E8}.Debug|Any CPU.Build.0 = Debug|Any CPU
		{D96CF52C-0504-45C5-98E3-E1F7C4F864E8}.Release|Any CPU.ActiveCfg = Release|Any CPU
		{D96CF52C-0504-45C5-98E3-E1F7C4F864E8}.Release|Any CPU.Build.0 = Release|Any CPU
		{D05C6142-D625-4844-9C49-AE437BEC4DA9}.Debug|Any CPU.ActiveCfg = Debug|Any CPU
		{D05C6142-D625-4844-9C49-AE437BEC4DA9}.Debug|Any CPU.Build.0 = Debug|Any CPU
		{D05C6142-D625-4844-9C49-AE437BEC4DA9}.Release|Any CPU.ActiveCfg = Release|Any CPU
		{D05C6142-D625-4844-9C49-AE437BEC4DA9}.Release|Any CPU.Build.0 = Release|Any CPU
		{699E65DE-CF19-42D6-86B7-A864048A37CB}.Debug|Any CPU.ActiveCfg = Debug|Any CPU
		{699E65DE-CF19-42D6-86B7-A864048A37CB}.Debug|Any CPU.Build.0 = Debug|Any CPU
		{699E65DE-CF19-42D6-86B7-A864048A37CB}.Release|Any CPU.ActiveCfg = Release|Any CPU
		{699E65DE-CF19-42D6-86B7-A864048A37CB}.Release|Any CPU.Build.0 = Release|Any CPU
		{36C0AC34-A4C5-494F-939F-BAAEB930E447}.Debug|Any CPU.ActiveCfg = Debug|Any CPU
		{36C0AC34-A4C5-494F-939F-BAAEB930E447}.Debug|Any CPU.Build.0 = Debug|Any CPU
		{36C0AC34-A4C5-494F-939F-BAAEB930E447}.Release|Any CPU.ActiveCfg = Release|Any CPU
		{36C0AC34-A4C5-494F-939F-BAAEB930E447}.Release|Any CPU.Build.0 = Release|Any CPU
		{1DF98384-09E0-4357-9B64-87022341EA1E}.Debug|Any CPU.ActiveCfg = Debug|Any CPU
		{1DF98384-09E0-4357-9B64-87022341EA1E}.Debug|Any CPU.Build.0 = Debug|Any CPU
		{1DF98384-09E0-4357-9B64-87022341EA1E}.Release|Any CPU.ActiveCfg = Release|Any CPU
		{1DF98384-09E0-4357-9B64-87022341EA1E}.Release|Any CPU.Build.0 = Release|Any CPU
		{E74594A4-2CC9-4DC3-A894-69E8BC357A5F}.Debug|Any CPU.ActiveCfg = Debug|Any CPU
		{E74594A4-2CC9-4DC3-A894-69E8BC357A5F}.Debug|Any CPU.Build.0 = Debug|Any CPU
		{E74594A4-2CC9-4DC3-A894-69E8BC357A5F}.Release|Any CPU.ActiveCfg = Release|Any CPU
		{E74594A4-2CC9-4DC3-A894-69E8BC357A5F}.Release|Any CPU.Build.0 = Release|Any CPU
		{0DB4CDB5-79DC-4A0E-BC04-DC75A3979B22}.Debug|Any CPU.ActiveCfg = Debug|Any CPU
		{0DB4CDB5-79DC-4A0E-BC04-DC75A3979B22}.Debug|Any CPU.Build.0 = Debug|Any CPU
		{0DB4CDB5-79DC-4A0E-BC04-DC75A3979B22}.Release|Any CPU.ActiveCfg = Release|Any CPU
		{0DB4CDB5-79DC-4A0E-BC04-DC75A3979B22}.Release|Any CPU.Build.0 = Release|Any CPU
		{85E2CAED-0FB4-47BB-BC82-A56F7816671F}.Debug|Any CPU.ActiveCfg = Debug|Any CPU
		{85E2CAED-0FB4-47BB-BC82-A56F7816671F}.Debug|Any CPU.Build.0 = Debug|Any CPU
		{85E2CAED-0FB4-47BB-BC82-A56F7816671F}.Release|Any CPU.ActiveCfg = Release|Any CPU
		{85E2CAED-0FB4-47BB-BC82-A56F7816671F}.Release|Any CPU.Build.0 = Release|Any CPU
		{1C6EF4F3-3C93-4FA7-8DB1-1204D928CF28}.Debug|Any CPU.ActiveCfg = Debug|Any CPU
		{1C6EF4F3-3C93-4FA7-8DB1-1204D928CF28}.Debug|Any CPU.Build.0 = Debug|Any CPU
		{1C6EF4F3-3C93-4FA7-8DB1-1204D928CF28}.Release|Any CPU.ActiveCfg = Release|Any CPU
		{1C6EF4F3-3C93-4FA7-8DB1-1204D928CF28}.Release|Any CPU.Build.0 = Release|Any CPU
	EndGlobalSection
	GlobalSection(SolutionProperties) = preSolution
		HideSolutionNode = FALSE
	EndGlobalSection
	GlobalSection(NestedProjects) = preSolution
		{FFC5A42C-AE1C-453A-AB4B-DFB5916FD5FF} = {4693FD8D-D6BB-405A-A09F-1C063528A9D5}
		{41892512-A536-476A-9730-4360CE7802C2} = {4693FD8D-D6BB-405A-A09F-1C063528A9D5}
		{D96CF52C-0504-45C5-98E3-E1F7C4F864E8} = {4693FD8D-D6BB-405A-A09F-1C063528A9D5}
		{D05C6142-D625-4844-9C49-AE437BEC4DA9} = {4693FD8D-D6BB-405A-A09F-1C063528A9D5}
		{699E65DE-CF19-42D6-86B7-A864048A37CB} = {4693FD8D-D6BB-405A-A09F-1C063528A9D5}
		{36C0AC34-A4C5-494F-939F-BAAEB930E447} = {4693FD8D-D6BB-405A-A09F-1C063528A9D5}
		{1DF98384-09E0-4357-9B64-87022341EA1E} = {4693FD8D-D6BB-405A-A09F-1C063528A9D5}
		{E74594A4-2CC9-4DC3-A894-69E8BC357A5F} = {4693FD8D-D6BB-405A-A09F-1C063528A9D5}
		{0DB4CDB5-79DC-4A0E-BC04-DC75A3979B22} = {110F146E-AF4B-4B46-B806-04CC57E65641}
		{85E2CAED-0FB4-47BB-BC82-A56F7816671F} = {4693FD8D-D6BB-405A-A09F-1C063528A9D5}
		{1C6EF4F3-3C93-4FA7-8DB1-1204D928CF28} = {110F146E-AF4B-4B46-B806-04CC57E65641}
	EndGlobalSection
EndGlobal
